// !$*UTF8*$!
{
	archiveVersion = 1;
	classes = {
	};
	objectVersion = 56;
	objects = {

/* Begin PBXBuildFile section */
		EF1E8A1F2BBF29A500FC84D3 /* VideoCarouselLayout.swift in Sources */ = {isa = PBXBuildFile; fileRef = EF1E8A1E2BBF29A500FC84D3 /* VideoCarouselLayout.swift */; };
		EF1E8A212BBF30B500FC84D3 /* VidoCarouselCell.swift in Sources */ = {isa = PBXBuildFile; fileRef = EF1E8A202BBF30B500FC84D3 /* VidoCarouselCell.swift */; };
		EF1E8A242BC33FF900FC84D3 /* SearchHeader.swift in Sources */ = {isa = PBXBuildFile; fileRef = EF1E8A232BC33FF900FC84D3 /* SearchHeader.swift */; };
		EF1E8A262BC348D300FC84D3 /* SearchViewController.swift in Sources */ = {isa = PBXBuildFile; fileRef = EF1E8A252BC348D300FC84D3 /* SearchViewController.swift */; };
		EF1E8A282BC3492700FC84D3 /* SearchViewModel.swift in Sources */ = {isa = PBXBuildFile; fileRef = EF1E8A272BC3492700FC84D3 /* SearchViewModel.swift */; };
		EF42AA9F2BE9490000C54D0F /* UserDefaults.swift in Sources */ = {isa = PBXBuildFile; fileRef = EF42AA9E2BE9490000C54D0F /* UserDefaults.swift */; };
		EF6E805C2BC41AAB00755A17 /* SentimentPageControl.swift in Sources */ = {isa = PBXBuildFile; fileRef = EF6E805B2BC41AAB00755A17 /* SentimentPageControl.swift */; };
		EFA716042BD56B860001F555 /* TabViewControllerType.swift in Sources */ = {isa = PBXBuildFile; fileRef = EFA716032BD56B860001F555 /* TabViewControllerType.swift */; };
		EFA716062BD571F00001F555 /* Assets.xcassets in Resources */ = {isa = PBXBuildFile; fileRef = EFA716052BD571F00001F555 /* Assets.xcassets */; };
		EFA716092BD591D00001F555 /* GoogleMobileAds in Frameworks */ = {isa = PBXBuildFile; productRef = EFA716082BD591D00001F555 /* GoogleMobileAds */; };
		EFA7160E2BD5C1930001F555 /* AppStorage.swift in Sources */ = {isa = PBXBuildFile; fileRef = EFA7160D2BD5C1930001F555 /* AppStorage.swift */; };
		EFA716102BD5C8810001F555 /* OnboardingScreen.swift in Sources */ = {isa = PBXBuildFile; fileRef = EFA7160F2BD5C8810001F555 /* OnboardingScreen.swift */; };
		EFB133852BAE49A200004025 /* AppDelegate.swift in Sources */ = {isa = PBXBuildFile; fileRef = EFB133842BAE49A200004025 /* AppDelegate.swift */; };
		EFB133872BAE49A200004025 /* SceneDelegate.swift in Sources */ = {isa = PBXBuildFile; fileRef = EFB133862BAE49A200004025 /* SceneDelegate.swift */; };
		EFB133912BAE49A300004025 /* Base in Resources */ = {isa = PBXBuildFile; fileRef = EFB133902BAE49A300004025 /* Base */; };
		EFB1339A2BAE49B400004025 /* KKit in Frameworks */ = {isa = PBXBuildFile; productRef = EFB133992BAE49B400004025 /* KKit */; };
		EFB133B92BAE4A0C00004025 /* EventDetailHeaderView.swift in Sources */ = {isa = PBXBuildFile; fileRef = EFB1339B2BAE4A0C00004025 /* EventDetailHeaderView.swift */; };
		EFB133BA2BAE4A0C00004025 /* EventDetailView.swift in Sources */ = {isa = PBXBuildFile; fileRef = EFB1339C2BAE4A0C00004025 /* EventDetailView.swift */; };
		EFB133BB2BAE4A0C00004025 /* EventDetailViewModel.swift in Sources */ = {isa = PBXBuildFile; fileRef = EFB1339D2BAE4A0C00004025 /* EventDetailViewModel.swift */; };
		EFB133BC2BAE4A0C00004025 /* TickerDetailView.swift in Sources */ = {isa = PBXBuildFile; fileRef = EFB1339F2BAE4A0C00004025 /* TickerDetailView.swift */; };
		EFB133BD2BAE4A0C00004025 /* TickerDetailViewModel.swift in Sources */ = {isa = PBXBuildFile; fileRef = EFB133A02BAE4A0C00004025 /* TickerDetailViewModel.swift */; };
		EFB133BE2BAE4A0C00004025 /* TickerSentimentCard.swift in Sources */ = {isa = PBXBuildFile; fileRef = EFB133A12BAE4A0C00004025 /* TickerSentimentCard.swift */; };
		EFB133BF2BAE4A0C00004025 /* TickerViewController.swift in Sources */ = {isa = PBXBuildFile; fileRef = EFB133A32BAE4A0C00004025 /* TickerViewController.swift */; };
		EFB133C02BAE4A0C00004025 /* TickerViewModel.swift in Sources */ = {isa = PBXBuildFile; fileRef = EFB133A42BAE4A0C00004025 /* TickerViewModel.swift */; };
		EFB133C12BAE4A0C00004025 /* NewsDetailView.swift in Sources */ = {isa = PBXBuildFile; fileRef = EFB133A62BAE4A0C00004025 /* NewsDetailView.swift */; };
		EFB133C22BAE4A0C00004025 /* HomeViewController.swift in Sources */ = {isa = PBXBuildFile; fileRef = EFB133A82BAE4A0C00004025 /* HomeViewController.swift */; };
		EFB133C32BAE4A0C00004025 /* HomeViewModel.swift in Sources */ = {isa = PBXBuildFile; fileRef = EFB133A92BAE4A0C00004025 /* HomeViewModel.swift */; };
		EFB133C42BAE4A0C00004025 /* MainTab.swift in Sources */ = {isa = PBXBuildFile; fileRef = EFB133AB2BAE4A0C00004025 /* MainTab.swift */; };
		EFB133C52BAE4A0C00004025 /* MainTabModel.swift in Sources */ = {isa = PBXBuildFile; fileRef = EFB133AC2BAE4A0C00004025 /* MainTabModel.swift */; };
		EFB133C62BAE4A0C00004025 /* MainTabViewController.swift in Sources */ = {isa = PBXBuildFile; fileRef = EFB133AD2BAE4A0C00004025 /* MainTabViewController.swift */; };
		EFB133C72BAE4A0C00004025 /* NewsFeedViewController.swift in Sources */ = {isa = PBXBuildFile; fileRef = EFB133AF2BAE4A0C00004025 /* NewsFeedViewController.swift */; };
		EFB133C82BAE4A0C00004025 /* NewsViewControllerModel .swift in Sources */ = {isa = PBXBuildFile; fileRef = EFB133B02BAE4A0C00004025 /* NewsViewControllerModel .swift */; };
		EFB133C92BAE4A0C00004025 /* ProfileCell.swift in Sources */ = {isa = PBXBuildFile; fileRef = EFB133B22BAE4A0C00004025 /* ProfileCell.swift */; };
		EFB133CC2BAE4A0C00004025 /* ProfileViewController.swift in Sources */ = {isa = PBXBuildFile; fileRef = EFB133B52BAE4A0C00004025 /* ProfileViewController.swift */; };
		EFB133CD2BAE4A0C00004025 /* ProfileViewModel.swift in Sources */ = {isa = PBXBuildFile; fileRef = EFB133B62BAE4A0C00004025 /* ProfileViewModel.swift */; };
		EFB133D02BAEEE1E00004025 /* DekryptUI in Frameworks */ = {isa = PBXBuildFile; productRef = EFB133CF2BAEEE1E00004025 /* DekryptUI */; };
		EFB66E7A2C05E2D000DE5A30 /* TickerNewsFeedViewController.swift in Sources */ = {isa = PBXBuildFile; fileRef = EFB66E792C05E2D000DE5A30 /* TickerNewsFeedViewController.swift */; };
		EFB66E7C2C05E2DE00DE5A30 /* TickerNewsFeedViewModel.swift in Sources */ = {isa = PBXBuildFile; fileRef = EFB66E7B2C05E2DE00DE5A30 /* TickerNewsFeedViewModel.swift */; };
		EFB66E812C068CE700DE5A30 /* SentimentDetailViewController.swift in Sources */ = {isa = PBXBuildFile; fileRef = EFB66E802C068CE700DE5A30 /* SentimentDetailViewController.swift */; };
		EFB66E832C068D1F00DE5A30 /* SentimentDetailViewModel.swift in Sources */ = {isa = PBXBuildFile; fileRef = EFB66E822C068D1F00DE5A30 /* SentimentDetailViewModel.swift */; };
		EFB8DD002BC560D9001AC56F /* InsightsViewController.swift in Sources */ = {isa = PBXBuildFile; fileRef = EFB8DCFF2BC560D9001AC56F /* InsightsViewController.swift */; };
		EFB8DD022BC560FD001AC56F /* InsightViewModel.swift in Sources */ = {isa = PBXBuildFile; fileRef = EFB8DD012BC560FD001AC56F /* InsightViewModel.swift */; };
		EFDA7EE92BCDBA980036E720 /* VideoCarouselCellV2.swift in Sources */ = {isa = PBXBuildFile; fileRef = EFDA7EE82BCDBA980036E720 /* VideoCarouselCellV2.swift */; };
		EFDA7EF52BD521250036E720 /* AuthPublisher.swift in Sources */ = {isa = PBXBuildFile; fileRef = EFDA7EEF2BD521250036E720 /* AuthPublisher.swift */; };
		EFDA7EF62BD521250036E720 /* AppleAuthService.swift in Sources */ = {isa = PBXBuildFile; fileRef = EFDA7EF12BD521250036E720 /* AppleAuthService.swift */; };
		EFDA7EF72BD521250036E720 /* AuthInterface.swift in Sources */ = {isa = PBXBuildFile; fileRef = EFDA7EF22BD521250036E720 /* AuthInterface.swift */; };
		EFDA7EF82BD521250036E720 /* FirebaseAuthService.swift in Sources */ = {isa = PBXBuildFile; fileRef = EFDA7EF32BD521250036E720 /* FirebaseAuthService.swift */; };
		EFDA7EFB2BD521A70036E720 /* GoogleSignIn in Frameworks */ = {isa = PBXBuildFile; productRef = EFDA7EFA2BD521A70036E720 /* GoogleSignIn */; };
		EFDA7EFD2BD521A70036E720 /* GoogleSignInSwift in Frameworks */ = {isa = PBXBuildFile; productRef = EFDA7EFC2BD521A70036E720 /* GoogleSignInSwift */; };
		EFDA7F002BD523E70036E720 /* SplashScreenVIewController.swift in Sources */ = {isa = PBXBuildFile; fileRef = EFDA7EFE2BD523E70036E720 /* SplashScreenVIewController.swift */; };
		EFE2FA802BEC3A270009B103 /* VideoPlayerViewController.swift in Sources */ = {isa = PBXBuildFile; fileRef = EFE2FA7F2BEC3A270009B103 /* VideoPlayerViewController.swift */; };
		EFE2FA822BECBBFE0009B103 /* VideoPlayerViewModel.swift in Sources */ = {isa = PBXBuildFile; fileRef = EFE2FA812BECBBFE0009B103 /* VideoPlayerViewModel.swift */; };
		EFE590A82C0B512100D7902F /* GoogleService-Info.plist in Resources */ = {isa = PBXBuildFile; fileRef = EFE590A72C0B512100D7902F /* GoogleService-Info.plist */; };
		EFE590AA2C0B68F000D7902F /* SubscriptionViewController.swift in Sources */ = {isa = PBXBuildFile; fileRef = EFE590A92C0B68F000D7902F /* SubscriptionViewController.swift */; };
		EFE590AD2C0BC67600D7902F /* ReceiptParser in Frameworks */ = {isa = PBXBuildFile; productRef = EFE590AC2C0BC67600D7902F /* ReceiptParser */; };
		EFE590AF2C0BC67600D7902F /* RevenueCat in Frameworks */ = {isa = PBXBuildFile; productRef = EFE590AE2C0BC67600D7902F /* RevenueCat */; };
		EFE590B12C0BC67600D7902F /* RevenueCatUI in Frameworks */ = {isa = PBXBuildFile; productRef = EFE590B02C0BC67600D7902F /* RevenueCatUI */; };
		EFE590B62C0BC6CC00D7902F /* RevenueCatDelegate.swift in Sources */ = {isa = PBXBuildFile; fileRef = EFE590B52C0BC6CC00D7902F /* RevenueCatDelegate.swift */; };
		EFE590BA2C0BD02200D7902F /* UserInfoViewController.swift in Sources */ = {isa = PBXBuildFile; fileRef = EFE590B92C0BD02200D7902F /* UserInfoViewController.swift */; };
		EFE590BE2C0C7B9100D7902F /* UserInfoViewModel.swift in Sources */ = {isa = PBXBuildFile; fileRef = EFE590BD2C0C7B9100D7902F /* UserInfoViewModel.swift */; };
		EFE5CC002BF44E5500B1C93C /* WatchlistViewController.swift in Sources */ = {isa = PBXBuildFile; fileRef = EFE5CBFF2BF44E5400B1C93C /* WatchlistViewController.swift */; };
		EFE5CC022BF44EE500B1C93C /* WatchlistViewModel.swift in Sources */ = {isa = PBXBuildFile; fileRef = EFE5CC012BF44EE500B1C93C /* WatchlistViewModel.swift */; };
		EFE5CC042BF4530A00B1C93C /* TabViewController.swift in Sources */ = {isa = PBXBuildFile; fileRef = EFE5CC032BF4530A00B1C93C /* TabViewController.swift */; };
		EFE5CC072BFD487500B1C93C /* NewsArticleParser.swift in Sources */ = {isa = PBXBuildFile; fileRef = EFE5CC062BFD487500B1C93C /* NewsArticleParser.swift */; };
		EFE5CC0A2BFD48C900B1C93C /* SwiftSoup in Frameworks */ = {isa = PBXBuildFile; productRef = EFE5CC092BFD48C900B1C93C /* SwiftSoup */; };
		EFE5CC0F2C012DC400B1C93C /* InsightDetailViewController.swift in Sources */ = {isa = PBXBuildFile; fileRef = EFE5CC0E2C012DC400B1C93C /* InsightDetailViewController.swift */; };
/* End PBXBuildFile section */

/* Begin PBXFileReference section */
		EF1E8A1E2BBF29A500FC84D3 /* VideoCarouselLayout.swift */ = {isa = PBXFileReference; lastKnownFileType = sourcecode.swift; path = VideoCarouselLayout.swift; sourceTree = "<group>"; };
		EF1E8A202BBF30B500FC84D3 /* VidoCarouselCell.swift */ = {isa = PBXFileReference; lastKnownFileType = sourcecode.swift; path = VidoCarouselCell.swift; sourceTree = "<group>"; };
		EF1E8A232BC33FF900FC84D3 /* SearchHeader.swift */ = {isa = PBXFileReference; lastKnownFileType = sourcecode.swift; path = SearchHeader.swift; sourceTree = "<group>"; };
		EF1E8A252BC348D300FC84D3 /* SearchViewController.swift */ = {isa = PBXFileReference; lastKnownFileType = sourcecode.swift; path = SearchViewController.swift; sourceTree = "<group>"; };
		EF1E8A272BC3492700FC84D3 /* SearchViewModel.swift */ = {isa = PBXFileReference; lastKnownFileType = sourcecode.swift; path = SearchViewModel.swift; sourceTree = "<group>"; };
		EF42AA9E2BE9490000C54D0F /* UserDefaults.swift */ = {isa = PBXFileReference; lastKnownFileType = sourcecode.swift; path = UserDefaults.swift; sourceTree = "<group>"; };
		EF6E805B2BC41AAB00755A17 /* SentimentPageControl.swift */ = {isa = PBXFileReference; lastKnownFileType = sourcecode.swift; path = SentimentPageControl.swift; sourceTree = "<group>"; };
		EFA716032BD56B860001F555 /* TabViewControllerType.swift */ = {isa = PBXFileReference; lastKnownFileType = sourcecode.swift; path = TabViewControllerType.swift; sourceTree = "<group>"; };
		EFA716052BD571F00001F555 /* Assets.xcassets */ = {isa = PBXFileReference; lastKnownFileType = folder.assetcatalog; name = Assets.xcassets; path = ../Assets.xcassets; sourceTree = "<group>"; };
		EFA7160D2BD5C1930001F555 /* AppStorage.swift */ = {isa = PBXFileReference; lastKnownFileType = sourcecode.swift; path = AppStorage.swift; sourceTree = "<group>"; };
		EFA7160F2BD5C8810001F555 /* OnboardingScreen.swift */ = {isa = PBXFileReference; lastKnownFileType = sourcecode.swift; path = OnboardingScreen.swift; sourceTree = "<group>"; };
		EFB133812BAE49A200004025 /* Dekrypt.app */ = {isa = PBXFileReference; explicitFileType = wrapper.application; includeInIndex = 0; path = Dekrypt.app; sourceTree = BUILT_PRODUCTS_DIR; };
		EFB133842BAE49A200004025 /* AppDelegate.swift */ = {isa = PBXFileReference; lastKnownFileType = sourcecode.swift; path = AppDelegate.swift; sourceTree = "<group>"; };
		EFB133862BAE49A200004025 /* SceneDelegate.swift */ = {isa = PBXFileReference; lastKnownFileType = sourcecode.swift; path = SceneDelegate.swift; sourceTree = "<group>"; };
		EFB133902BAE49A300004025 /* Base */ = {isa = PBXFileReference; lastKnownFileType = file.storyboard; name = Base; path = Base.lproj/LaunchScreen.storyboard; sourceTree = "<group>"; };
		EFB133922BAE49A300004025 /* Info.plist */ = {isa = PBXFileReference; lastKnownFileType = text.plist.xml; path = Info.plist; sourceTree = "<group>"; };
		EFB1339B2BAE4A0C00004025 /* EventDetailHeaderView.swift */ = {isa = PBXFileReference; fileEncoding = 4; lastKnownFileType = sourcecode.swift; path = EventDetailHeaderView.swift; sourceTree = "<group>"; };
		EFB1339C2BAE4A0C00004025 /* EventDetailView.swift */ = {isa = PBXFileReference; fileEncoding = 4; lastKnownFileType = sourcecode.swift; path = EventDetailView.swift; sourceTree = "<group>"; };
		EFB1339D2BAE4A0C00004025 /* EventDetailViewModel.swift */ = {isa = PBXFileReference; fileEncoding = 4; lastKnownFileType = sourcecode.swift; path = EventDetailViewModel.swift; sourceTree = "<group>"; };
		EFB1339F2BAE4A0C00004025 /* TickerDetailView.swift */ = {isa = PBXFileReference; fileEncoding = 4; lastKnownFileType = sourcecode.swift; path = TickerDetailView.swift; sourceTree = "<group>"; };
		EFB133A02BAE4A0C00004025 /* TickerDetailViewModel.swift */ = {isa = PBXFileReference; fileEncoding = 4; lastKnownFileType = sourcecode.swift; path = TickerDetailViewModel.swift; sourceTree = "<group>"; };
		EFB133A12BAE4A0C00004025 /* TickerSentimentCard.swift */ = {isa = PBXFileReference; fileEncoding = 4; lastKnownFileType = sourcecode.swift; path = TickerSentimentCard.swift; sourceTree = "<group>"; };
		EFB133A32BAE4A0C00004025 /* TickerViewController.swift */ = {isa = PBXFileReference; fileEncoding = 4; lastKnownFileType = sourcecode.swift; path = TickerViewController.swift; sourceTree = "<group>"; };
		EFB133A42BAE4A0C00004025 /* TickerViewModel.swift */ = {isa = PBXFileReference; fileEncoding = 4; lastKnownFileType = sourcecode.swift; path = TickerViewModel.swift; sourceTree = "<group>"; };
		EFB133A62BAE4A0C00004025 /* NewsDetailView.swift */ = {isa = PBXFileReference; fileEncoding = 4; lastKnownFileType = sourcecode.swift; path = NewsDetailView.swift; sourceTree = "<group>"; };
		EFB133A82BAE4A0C00004025 /* HomeViewController.swift */ = {isa = PBXFileReference; fileEncoding = 4; lastKnownFileType = sourcecode.swift; path = HomeViewController.swift; sourceTree = "<group>"; };
		EFB133A92BAE4A0C00004025 /* HomeViewModel.swift */ = {isa = PBXFileReference; fileEncoding = 4; lastKnownFileType = sourcecode.swift; path = HomeViewModel.swift; sourceTree = "<group>"; };
		EFB133AB2BAE4A0C00004025 /* MainTab.swift */ = {isa = PBXFileReference; fileEncoding = 4; lastKnownFileType = sourcecode.swift; path = MainTab.swift; sourceTree = "<group>"; };
		EFB133AC2BAE4A0C00004025 /* MainTabModel.swift */ = {isa = PBXFileReference; fileEncoding = 4; lastKnownFileType = sourcecode.swift; path = MainTabModel.swift; sourceTree = "<group>"; };
		EFB133AD2BAE4A0C00004025 /* MainTabViewController.swift */ = {isa = PBXFileReference; fileEncoding = 4; lastKnownFileType = sourcecode.swift; path = MainTabViewController.swift; sourceTree = "<group>"; };
		EFB133AF2BAE4A0C00004025 /* NewsFeedViewController.swift */ = {isa = PBXFileReference; fileEncoding = 4; lastKnownFileType = sourcecode.swift; path = NewsFeedViewController.swift; sourceTree = "<group>"; };
		EFB133B02BAE4A0C00004025 /* NewsViewControllerModel .swift */ = {isa = PBXFileReference; fileEncoding = 4; lastKnownFileType = sourcecode.swift; path = "NewsViewControllerModel .swift"; sourceTree = "<group>"; };
		EFB133B22BAE4A0C00004025 /* ProfileCell.swift */ = {isa = PBXFileReference; fileEncoding = 4; lastKnownFileType = sourcecode.swift; path = ProfileCell.swift; sourceTree = "<group>"; };
		EFB133B52BAE4A0C00004025 /* ProfileViewController.swift */ = {isa = PBXFileReference; fileEncoding = 4; lastKnownFileType = sourcecode.swift; path = ProfileViewController.swift; sourceTree = "<group>"; };
		EFB133B62BAE4A0C00004025 /* ProfileViewModel.swift */ = {isa = PBXFileReference; fileEncoding = 4; lastKnownFileType = sourcecode.swift; path = ProfileViewModel.swift; sourceTree = "<group>"; };
		EFB66E792C05E2D000DE5A30 /* TickerNewsFeedViewController.swift */ = {isa = PBXFileReference; lastKnownFileType = sourcecode.swift; path = TickerNewsFeedViewController.swift; sourceTree = "<group>"; };
		EFB66E7B2C05E2DE00DE5A30 /* TickerNewsFeedViewModel.swift */ = {isa = PBXFileReference; lastKnownFileType = sourcecode.swift; path = TickerNewsFeedViewModel.swift; sourceTree = "<group>"; };
		EFB66E802C068CE700DE5A30 /* SentimentDetailViewController.swift */ = {isa = PBXFileReference; lastKnownFileType = sourcecode.swift; path = SentimentDetailViewController.swift; sourceTree = "<group>"; };
		EFB66E822C068D1F00DE5A30 /* SentimentDetailViewModel.swift */ = {isa = PBXFileReference; lastKnownFileType = sourcecode.swift; path = SentimentDetailViewModel.swift; sourceTree = "<group>"; };
		EFB8DCFF2BC560D9001AC56F /* InsightsViewController.swift */ = {isa = PBXFileReference; lastKnownFileType = sourcecode.swift; path = InsightsViewController.swift; sourceTree = "<group>"; };
		EFB8DD012BC560FD001AC56F /* InsightViewModel.swift */ = {isa = PBXFileReference; lastKnownFileType = sourcecode.swift; path = InsightViewModel.swift; sourceTree = "<group>"; };
		EFDA7EE82BCDBA980036E720 /* VideoCarouselCellV2.swift */ = {isa = PBXFileReference; lastKnownFileType = sourcecode.swift; path = VideoCarouselCellV2.swift; sourceTree = "<group>"; };
		EFDA7EEF2BD521250036E720 /* AuthPublisher.swift */ = {isa = PBXFileReference; fileEncoding = 4; lastKnownFileType = sourcecode.swift; path = AuthPublisher.swift; sourceTree = "<group>"; };
		EFDA7EF12BD521250036E720 /* AppleAuthService.swift */ = {isa = PBXFileReference; fileEncoding = 4; lastKnownFileType = sourcecode.swift; path = AppleAuthService.swift; sourceTree = "<group>"; };
		EFDA7EF22BD521250036E720 /* AuthInterface.swift */ = {isa = PBXFileReference; fileEncoding = 4; lastKnownFileType = sourcecode.swift; path = AuthInterface.swift; sourceTree = "<group>"; };
		EFDA7EF32BD521250036E720 /* FirebaseAuthService.swift */ = {isa = PBXFileReference; fileEncoding = 4; lastKnownFileType = sourcecode.swift; path = FirebaseAuthService.swift; sourceTree = "<group>"; };
		EFDA7EFE2BD523E70036E720 /* SplashScreenVIewController.swift */ = {isa = PBXFileReference; fileEncoding = 4; lastKnownFileType = sourcecode.swift; path = SplashScreenVIewController.swift; sourceTree = "<group>"; };
		EFDA7F012BD5281A0036E720 /* Dekrypt.entitlements */ = {isa = PBXFileReference; lastKnownFileType = text.plist.entitlements; path = Dekrypt.entitlements; sourceTree = "<group>"; };
		EFE2FA7F2BEC3A270009B103 /* VideoPlayerViewController.swift */ = {isa = PBXFileReference; lastKnownFileType = sourcecode.swift; path = VideoPlayerViewController.swift; sourceTree = "<group>"; };
		EFE2FA812BECBBFE0009B103 /* VideoPlayerViewModel.swift */ = {isa = PBXFileReference; lastKnownFileType = sourcecode.swift; path = VideoPlayerViewModel.swift; sourceTree = "<group>"; };
		EFE590A72C0B512100D7902F /* GoogleService-Info.plist */ = {isa = PBXFileReference; fileEncoding = 4; lastKnownFileType = text.plist.xml; path = "GoogleService-Info.plist"; sourceTree = "<group>"; };
		EFE590A92C0B68F000D7902F /* SubscriptionViewController.swift */ = {isa = PBXFileReference; lastKnownFileType = sourcecode.swift; path = SubscriptionViewController.swift; sourceTree = "<group>"; };
		EFE590B52C0BC6CC00D7902F /* RevenueCatDelegate.swift */ = {isa = PBXFileReference; lastKnownFileType = sourcecode.swift; path = RevenueCatDelegate.swift; sourceTree = "<group>"; };
		EFE590B92C0BD02200D7902F /* UserInfoViewController.swift */ = {isa = PBXFileReference; lastKnownFileType = sourcecode.swift; path = UserInfoViewController.swift; sourceTree = "<group>"; };
		EFE590BD2C0C7B9100D7902F /* UserInfoViewModel.swift */ = {isa = PBXFileReference; lastKnownFileType = sourcecode.swift; path = UserInfoViewModel.swift; sourceTree = "<group>"; };
		EFE5CBFF2BF44E5400B1C93C /* WatchlistViewController.swift */ = {isa = PBXFileReference; lastKnownFileType = sourcecode.swift; path = WatchlistViewController.swift; sourceTree = "<group>"; };
		EFE5CC012BF44EE500B1C93C /* WatchlistViewModel.swift */ = {isa = PBXFileReference; lastKnownFileType = sourcecode.swift; path = WatchlistViewModel.swift; sourceTree = "<group>"; };
		EFE5CC032BF4530A00B1C93C /* TabViewController.swift */ = {isa = PBXFileReference; lastKnownFileType = sourcecode.swift; path = TabViewController.swift; sourceTree = "<group>"; };
		EFE5CC062BFD487500B1C93C /* NewsArticleParser.swift */ = {isa = PBXFileReference; lastKnownFileType = sourcecode.swift; path = NewsArticleParser.swift; sourceTree = "<group>"; };
		EFE5CC0E2C012DC400B1C93C /* InsightDetailViewController.swift */ = {isa = PBXFileReference; lastKnownFileType = sourcecode.swift; path = InsightDetailViewController.swift; sourceTree = "<group>"; };
/* End PBXFileReference section */

/* Begin PBXFrameworksBuildPhase section */
		EFB1337E2BAE49A200004025 /* Frameworks */ = {
			isa = PBXFrameworksBuildPhase;
			buildActionMask = 2147483647;
			files = (
				EFB133D02BAEEE1E00004025 /* DekryptUI in Frameworks */,
				EFB1339A2BAE49B400004025 /* KKit in Frameworks */,
				EFA716092BD591D00001F555 /* GoogleMobileAds in Frameworks */,
				EFE590AD2C0BC67600D7902F /* ReceiptParser in Frameworks */,
				EFE590AF2C0BC67600D7902F /* RevenueCat in Frameworks */,
				EFE590B12C0BC67600D7902F /* RevenueCatUI in Frameworks */,
				EFDA7EFB2BD521A70036E720 /* GoogleSignIn in Frameworks */,
				EFDA7EFD2BD521A70036E720 /* GoogleSignInSwift in Frameworks */,
				EFE5CC0A2BFD48C900B1C93C /* SwiftSoup in Frameworks */,
			);
			runOnlyForDeploymentPostprocessing = 0;
		};
/* End PBXFrameworksBuildPhase section */

/* Begin PBXGroup section */
		EF1E8A1D2BBF297C00FC84D3 /* VideoCarousel */ = {
			isa = PBXGroup;
			children = (
				EF1E8A1E2BBF29A500FC84D3 /* VideoCarouselLayout.swift */,
				EF1E8A202BBF30B500FC84D3 /* VidoCarouselCell.swift */,
				EFDA7EE82BCDBA980036E720 /* VideoCarouselCellV2.swift */,
				EFE2FA7F2BEC3A270009B103 /* VideoPlayerViewController.swift */,
				EFE2FA812BECBBFE0009B103 /* VideoPlayerViewModel.swift */,
			);
			path = VideoCarousel;
			sourceTree = "<group>";
		};
		EF1E8A222BC33FEF00FC84D3 /* Search */ = {
			isa = PBXGroup;
			children = (
				EF1E8A232BC33FF900FC84D3 /* SearchHeader.swift */,
				EF1E8A252BC348D300FC84D3 /* SearchViewController.swift */,
				EF1E8A272BC3492700FC84D3 /* SearchViewModel.swift */,
			);
			path = Search;
			sourceTree = "<group>";
		};
		EFA7160C2BD5C1860001F555 /* AppStorage */ = {
			isa = PBXGroup;
			children = (
				EFA7160D2BD5C1930001F555 /* AppStorage.swift */,
				EF42AA9E2BE9490000C54D0F /* UserDefaults.swift */,
			);
			path = AppStorage;
			sourceTree = "<group>";
		};
		EFB133782BAE49A200004025 = {
			isa = PBXGroup;
			children = (
				EFB133832BAE49A200004025 /* Dekrypt */,
				EFB133822BAE49A200004025 /* Products */,
			);
			sourceTree = "<group>";
		};
		EFB133822BAE49A200004025 /* Products */ = {
			isa = PBXGroup;
			children = (
				EFB133812BAE49A200004025 /* Dekrypt.app */,
			);
			name = Products;
			sourceTree = "<group>";
		};
		EFB133832BAE49A200004025 /* Dekrypt */ = {
			isa = PBXGroup;
			children = (
				EFE590B42C0BC6BA00D7902F /* AppDelegate */,
				EFE590A72C0B512100D7902F /* GoogleService-Info.plist */,
				EFA716052BD571F00001F555 /* Assets.xcassets */,
				EFDA7F012BD5281A0036E720 /* Dekrypt.entitlements */,
				EFDA7EF42BD521250036E720 /* Auth */,
				EFB133B82BAE4A0C00004025 /* Tabs */,
				EFB133A72BAE4A0C00004025 /* View */,
				EFB133862BAE49A200004025 /* SceneDelegate.swift */,
				EFB1338F2BAE49A300004025 /* LaunchScreen.storyboard */,
				EFB133922BAE49A300004025 /* Info.plist */,
			);
			path = Dekrypt;
			sourceTree = "<group>";
		};
		EFB1339E2BAE4A0C00004025 /* EventDetail */ = {
			isa = PBXGroup;
			children = (
				EFB1339B2BAE4A0C00004025 /* EventDetailHeaderView.swift */,
				EFB1339C2BAE4A0C00004025 /* EventDetailView.swift */,
				EFB1339D2BAE4A0C00004025 /* EventDetailViewModel.swift */,
			);
			path = EventDetail;
			sourceTree = "<group>";
		};
		EFB133A22BAE4A0C00004025 /* TickerDetailView */ = {
			isa = PBXGroup;
			children = (
				EFB1339F2BAE4A0C00004025 /* TickerDetailView.swift */,
				EFB133A02BAE4A0C00004025 /* TickerDetailViewModel.swift */,
				EFB133A12BAE4A0C00004025 /* TickerSentimentCard.swift */,
				EF6E805B2BC41AAB00755A17 /* SentimentPageControl.swift */,
			);
			path = TickerDetailView;
			sourceTree = "<group>";
		};
		EFB133A52BAE4A0C00004025 /* TickersView */ = {
			isa = PBXGroup;
			children = (
				EFB133A32BAE4A0C00004025 /* TickerViewController.swift */,
				EFB133A42BAE4A0C00004025 /* TickerViewModel.swift */,
			);
			path = TickersView;
			sourceTree = "<group>";
		};
		EFB133A72BAE4A0C00004025 /* View */ = {
			isa = PBXGroup;
			children = (
				EFB66E7D2C06891800DE5A30 /* SentimentDetailView */,
				EFE5CC052BFD484800B1C93C /* NewsDetail */,
				EFDA7EFF2BD523E70036E720 /* SplashScreen */,
				EFB8DCFE2BC560CC001AC56F /* InsightsView */,
				EF1E8A1D2BBF297C00FC84D3 /* VideoCarousel */,
				EFB1339E2BAE4A0C00004025 /* EventDetail */,
				EFB133A22BAE4A0C00004025 /* TickerDetailView */,
				EFB133A52BAE4A0C00004025 /* TickersView */,
			);
			path = View;
			sourceTree = "<group>";
		};
		EFB133AA2BAE4A0C00004025 /* Home */ = {
			isa = PBXGroup;
			children = (
				EFB133A82BAE4A0C00004025 /* HomeViewController.swift */,
				EFB133A92BAE4A0C00004025 /* HomeViewModel.swift */,
			);
			path = Home;
			sourceTree = "<group>";
		};
		EFB133AE2BAE4A0C00004025 /* MainTab */ = {
			isa = PBXGroup;
			children = (
				EFB133AB2BAE4A0C00004025 /* MainTab.swift */,
				EFB133AC2BAE4A0C00004025 /* MainTabModel.swift */,
				EFB133AD2BAE4A0C00004025 /* MainTabViewController.swift */,
				EFA716032BD56B860001F555 /* TabViewControllerType.swift */,
				EFE5CC032BF4530A00B1C93C /* TabViewController.swift */,
			);
			path = MainTab;
			sourceTree = "<group>";
		};
		EFB133B12BAE4A0C00004025 /* NewsFeed */ = {
			isa = PBXGroup;
			children = (
				EFB133AF2BAE4A0C00004025 /* NewsFeedViewController.swift */,
				EFB133B02BAE4A0C00004025 /* NewsViewControllerModel .swift */,
			);
			path = NewsFeed;
			sourceTree = "<group>";
		};
		EFB133B72BAE4A0C00004025 /* Profile */ = {
			isa = PBXGroup;
			children = (
				EFE590B82C0BD01600D7902F /* UserInfo */,
				EFB133B52BAE4A0C00004025 /* ProfileViewController.swift */,
				EFB133B22BAE4A0C00004025 /* ProfileCell.swift */,
				EFB133B62BAE4A0C00004025 /* ProfileViewModel.swift */,
				EFA7160F2BD5C8810001F555 /* OnboardingScreen.swift */,
				EFE590A92C0B68F000D7902F /* SubscriptionViewController.swift */,
			);
			path = Profile;
			sourceTree = "<group>";
		};
		EFB133B82BAE4A0C00004025 /* Tabs */ = {
			isa = PBXGroup;
			children = (
				EFE5CBFE2BF44E4200B1C93C /* Watchlist */,
				EF1E8A222BC33FEF00FC84D3 /* Search */,
				EFB133AA2BAE4A0C00004025 /* Home */,
				EFB133AE2BAE4A0C00004025 /* MainTab */,
				EFB133B12BAE4A0C00004025 /* NewsFeed */,
				EFB133B72BAE4A0C00004025 /* Profile */,
			);
			path = Tabs;
			sourceTree = "<group>";
		};
		EFB66E7D2C06891800DE5A30 /* SentimentDetailView */ = {
			isa = PBXGroup;
			children = (
				EFB66E802C068CE700DE5A30 /* SentimentDetailViewController.swift */,
				EFB66E822C068D1F00DE5A30 /* SentimentDetailViewModel.swift */,
				EFB66E792C05E2D000DE5A30 /* TickerNewsFeedViewController.swift */,
				EFB66E7B2C05E2DE00DE5A30 /* TickerNewsFeedViewModel.swift */,
			);
			path = SentimentDetailView;
			sourceTree = "<group>";
		};
		EFB8DCFE2BC560CC001AC56F /* InsightsView */ = {
			isa = PBXGroup;
			children = (
				EFB8DCFF2BC560D9001AC56F /* InsightsViewController.swift */,
				EFB8DD012BC560FD001AC56F /* InsightViewModel.swift */,
				EFE5CC0E2C012DC400B1C93C /* InsightDetailViewController.swift */,
			);
			path = InsightsView;
			sourceTree = "<group>";
		};
		EFDA7EF02BD521250036E720 /* AuthPublishers */ = {
			isa = PBXGroup;
			children = (
				EFDA7EEF2BD521250036E720 /* AuthPublisher.swift */,
			);
			path = AuthPublishers;
			sourceTree = "<group>";
		};
		EFDA7EF42BD521250036E720 /* Auth */ = {
			isa = PBXGroup;
			children = (
				EFA7160C2BD5C1860001F555 /* AppStorage */,
				EFDA7EF02BD521250036E720 /* AuthPublishers */,
				EFDA7EF12BD521250036E720 /* AppleAuthService.swift */,
				EFDA7EF22BD521250036E720 /* AuthInterface.swift */,
				EFDA7EF32BD521250036E720 /* FirebaseAuthService.swift */,
			);
			path = Auth;
			sourceTree = "<group>";
		};
		EFDA7EFF2BD523E70036E720 /* SplashScreen */ = {
			isa = PBXGroup;
			children = (
				EFDA7EFE2BD523E70036E720 /* SplashScreenVIewController.swift */,
			);
			path = SplashScreen;
			sourceTree = "<group>";
		};
		EFE590B42C0BC6BA00D7902F /* AppDelegate */ = {
			isa = PBXGroup;
			children = (
				EFB133842BAE49A200004025 /* AppDelegate.swift */,
				EFE590B52C0BC6CC00D7902F /* RevenueCatDelegate.swift */,
			);
			path = AppDelegate;
			sourceTree = "<group>";
		};
		EFE590B82C0BD01600D7902F /* UserInfo */ = {
			isa = PBXGroup;
			children = (
				EFE590B92C0BD02200D7902F /* UserInfoViewController.swift */,
				EFE590BD2C0C7B9100D7902F /* UserInfoViewModel.swift */,
			);
			path = UserInfo;
			sourceTree = "<group>";
		};
		EFE5CBFE2BF44E4200B1C93C /* Watchlist */ = {
			isa = PBXGroup;
			children = (
				EFE5CBFF2BF44E5400B1C93C /* WatchlistViewController.swift */,
				EFE5CC012BF44EE500B1C93C /* WatchlistViewModel.swift */,
			);
			path = Watchlist;
			sourceTree = "<group>";
		};
		EFE5CC052BFD484800B1C93C /* NewsDetail */ = {
			isa = PBXGroup;
			children = (
				EFB133A62BAE4A0C00004025 /* NewsDetailView.swift */,
				EFE5CC062BFD487500B1C93C /* NewsArticleParser.swift */,
			);
			path = NewsDetail;
			sourceTree = "<group>";
		};
/* End PBXGroup section */

/* Begin PBXNativeTarget section */
		EFB133802BAE49A200004025 /* Dekrypt */ = {
			isa = PBXNativeTarget;
			buildConfigurationList = EFB133952BAE49A300004025 /* Build configuration list for PBXNativeTarget "Dekrypt" */;
			buildPhases = (
				EFB1337D2BAE49A200004025 /* Sources */,
				EFB1337E2BAE49A200004025 /* Frameworks */,
				EFB1337F2BAE49A200004025 /* Resources */,
			);
			buildRules = (
			);
			dependencies = (
			);
			name = Dekrypt;
			packageProductDependencies = (
				EFB133992BAE49B400004025 /* KKit */,
				EFB133CF2BAEEE1E00004025 /* DekryptUI */,
				EFDA7EFA2BD521A70036E720 /* GoogleSignIn */,
				EFDA7EFC2BD521A70036E720 /* GoogleSignInSwift */,
				EFA716082BD591D00001F555 /* GoogleMobileAds */,
				EFE5CC092BFD48C900B1C93C /* SwiftSoup */,
				EFE590AC2C0BC67600D7902F /* ReceiptParser */,
				EFE590AE2C0BC67600D7902F /* RevenueCat */,
				EFE590B02C0BC67600D7902F /* RevenueCatUI */,
			);
			productName = Dekrypt;
			productReference = EFB133812BAE49A200004025 /* Dekrypt.app */;
			productType = "com.apple.product-type.application";
		};
/* End PBXNativeTarget section */

/* Begin PBXProject section */
		EFB133792BAE49A200004025 /* Project object */ = {
			isa = PBXProject;
			attributes = {
				BuildIndependentTargetsInParallel = 1;
				LastSwiftUpdateCheck = 1530;
				LastUpgradeCheck = 1530;
				TargetAttributes = {
					EFB133802BAE49A200004025 = {
						CreatedOnToolsVersion = 15.3;
					};
				};
			};
			buildConfigurationList = EFB1337C2BAE49A200004025 /* Build configuration list for PBXProject "Dekrypt" */;
			compatibilityVersion = "Xcode 14.0";
			developmentRegion = en;
			hasScannedForEncodings = 0;
			knownRegions = (
				en,
				Base,
			);
			mainGroup = EFB133782BAE49A200004025;
			packageReferences = (
				EFB133982BAE49B400004025 /* XCRemoteSwiftPackageReference "KKit-Swift-Package" */,
				EFB133CE2BAEEE1E00004025 /* XCRemoteSwiftPackageReference "DekryptUI-SPM" */,
				EFDA7EF92BD521A70036E720 /* XCRemoteSwiftPackageReference "GoogleSignIn-iOS" */,
				EFA716072BD591D00001F555 /* XCRemoteSwiftPackageReference "swift-package-manager-google-mobile-ads" */,
				EFE5CC082BFD48C900B1C93C /* XCRemoteSwiftPackageReference "SwiftSoup" */,
				EFE590AB2C0BC67600D7902F /* XCRemoteSwiftPackageReference "purchases-ios" */,
			);
			productRefGroup = EFB133822BAE49A200004025 /* Products */;
			projectDirPath = "";
			projectRoot = "";
			targets = (
				EFB133802BAE49A200004025 /* Dekrypt */,
			);
		};
/* End PBXProject section */

/* Begin PBXResourcesBuildPhase section */
		EFB1337F2BAE49A200004025 /* Resources */ = {
			isa = PBXResourcesBuildPhase;
			buildActionMask = 2147483647;
			files = (
				EFA716062BD571F00001F555 /* Assets.xcassets in Resources */,
				EFB133912BAE49A300004025 /* Base in Resources */,
				EFE590A82C0B512100D7902F /* GoogleService-Info.plist in Resources */,
			);
			runOnlyForDeploymentPostprocessing = 0;
		};
/* End PBXResourcesBuildPhase section */

/* Begin PBXSourcesBuildPhase section */
		EFB1337D2BAE49A200004025 /* Sources */ = {
			isa = PBXSourcesBuildPhase;
			buildActionMask = 2147483647;
			files = (
				EFDA7F002BD523E70036E720 /* SplashScreenVIewController.swift in Sources */,
				EFB133C62BAE4A0C00004025 /* MainTabViewController.swift in Sources */,
				EFE5CC022BF44EE500B1C93C /* WatchlistViewModel.swift in Sources */,
				EFB133BA2BAE4A0C00004025 /* EventDetailView.swift in Sources */,
				EFB133BB2BAE4A0C00004025 /* EventDetailViewModel.swift in Sources */,
				EFDA7EF82BD521250036E720 /* FirebaseAuthService.swift in Sources */,
				EFB66E832C068D1F00DE5A30 /* SentimentDetailViewModel.swift in Sources */,
				EFB133852BAE49A200004025 /* AppDelegate.swift in Sources */,
				EFB133CD2BAE4A0C00004025 /* ProfileViewModel.swift in Sources */,
				EFE590AA2C0B68F000D7902F /* SubscriptionViewController.swift in Sources */,
				EFB133C42BAE4A0C00004025 /* MainTab.swift in Sources */,
				EFB8DD022BC560FD001AC56F /* InsightViewModel.swift in Sources */,
				EFB66E7A2C05E2D000DE5A30 /* TickerNewsFeedViewController.swift in Sources */,
				EFDA7EF62BD521250036E720 /* AppleAuthService.swift in Sources */,
				EFB133872BAE49A200004025 /* SceneDelegate.swift in Sources */,
				EFB133BE2BAE4A0C00004025 /* TickerSentimentCard.swift in Sources */,
				EF1E8A262BC348D300FC84D3 /* SearchViewController.swift in Sources */,
				EFB133BF2BAE4A0C00004025 /* TickerViewController.swift in Sources */,
				EFE5CC0F2C012DC400B1C93C /* InsightDetailViewController.swift in Sources */,
				EFB133C92BAE4A0C00004025 /* ProfileCell.swift in Sources */,
				EF42AA9F2BE9490000C54D0F /* UserDefaults.swift in Sources */,
				EFB133B92BAE4A0C00004025 /* EventDetailHeaderView.swift in Sources */,
				EFDA7EF72BD521250036E720 /* AuthInterface.swift in Sources */,
				EFA716042BD56B860001F555 /* TabViewControllerType.swift in Sources */,
				EF1E8A212BBF30B500FC84D3 /* VidoCarouselCell.swift in Sources */,
				EFE2FA822BECBBFE0009B103 /* VideoPlayerViewModel.swift in Sources */,
				EFE590BE2C0C7B9100D7902F /* UserInfoViewModel.swift in Sources */,
				EFA716102BD5C8810001F555 /* OnboardingScreen.swift in Sources */,
				EFB133BC2BAE4A0C00004025 /* TickerDetailView.swift in Sources */,
				EFB66E812C068CE700DE5A30 /* SentimentDetailViewController.swift in Sources */,
				EFB133C52BAE4A0C00004025 /* MainTabModel.swift in Sources */,
				EF1E8A242BC33FF900FC84D3 /* SearchHeader.swift in Sources */,
				EFE5CC002BF44E5500B1C93C /* WatchlistViewController.swift in Sources */,
				EFB133CC2BAE4A0C00004025 /* ProfileViewController.swift in Sources */,
				EFB66E7C2C05E2DE00DE5A30 /* TickerNewsFeedViewModel.swift in Sources */,
				EFDA7EF52BD521250036E720 /* AuthPublisher.swift in Sources */,
				EF6E805C2BC41AAB00755A17 /* SentimentPageControl.swift in Sources */,
				EFB133C82BAE4A0C00004025 /* NewsViewControllerModel .swift in Sources */,
				EFDA7EE92BCDBA980036E720 /* VideoCarouselCellV2.swift in Sources */,
				EFE5CC042BF4530A00B1C93C /* TabViewController.swift in Sources */,
				EFB133C32BAE4A0C00004025 /* HomeViewModel.swift in Sources */,
				EFB133BD2BAE4A0C00004025 /* TickerDetailViewModel.swift in Sources */,
				EFA7160E2BD5C1930001F555 /* AppStorage.swift in Sources */,
				EFE590B62C0BC6CC00D7902F /* RevenueCatDelegate.swift in Sources */,
				EFB133C12BAE4A0C00004025 /* NewsDetailView.swift in Sources */,
				EFE5CC072BFD487500B1C93C /* NewsArticleParser.swift in Sources */,
				EF1E8A282BC3492700FC84D3 /* SearchViewModel.swift in Sources */,
				EF1E8A1F2BBF29A500FC84D3 /* VideoCarouselLayout.swift in Sources */,
				EFB133C72BAE4A0C00004025 /* NewsFeedViewController.swift in Sources */,
				EFE590BA2C0BD02200D7902F /* UserInfoViewController.swift in Sources */,
				EFB133C22BAE4A0C00004025 /* HomeViewController.swift in Sources */,
				EFB133C02BAE4A0C00004025 /* TickerViewModel.swift in Sources */,
				EFE2FA802BEC3A270009B103 /* VideoPlayerViewController.swift in Sources */,
				EFB8DD002BC560D9001AC56F /* InsightsViewController.swift in Sources */,
			);
			runOnlyForDeploymentPostprocessing = 0;
		};
/* End PBXSourcesBuildPhase section */

/* Begin PBXVariantGroup section */
		EFB1338F2BAE49A300004025 /* LaunchScreen.storyboard */ = {
			isa = PBXVariantGroup;
			children = (
				EFB133902BAE49A300004025 /* Base */,
			);
			name = LaunchScreen.storyboard;
			sourceTree = "<group>";
		};
/* End PBXVariantGroup section */

/* Begin XCBuildConfiguration section */
		EFB133932BAE49A300004025 /* Debug */ = {
			isa = XCBuildConfiguration;
			buildSettings = {
				ALWAYS_SEARCH_USER_PATHS = NO;
				ASSETCATALOG_COMPILER_GENERATE_SWIFT_ASSET_SYMBOL_EXTENSIONS = YES;
				CLANG_ANALYZER_NONNULL = YES;
				CLANG_ANALYZER_NUMBER_OBJECT_CONVERSION = YES_AGGRESSIVE;
				CLANG_CXX_LANGUAGE_STANDARD = "gnu++20";
				CLANG_ENABLE_MODULES = YES;
				CLANG_ENABLE_OBJC_ARC = YES;
				CLANG_ENABLE_OBJC_WEAK = YES;
				CLANG_WARN_BLOCK_CAPTURE_AUTORELEASING = YES;
				CLANG_WARN_BOOL_CONVERSION = YES;
				CLANG_WARN_COMMA = YES;
				CLANG_WARN_CONSTANT_CONVERSION = YES;
				CLANG_WARN_DEPRECATED_OBJC_IMPLEMENTATIONS = YES;
				CLANG_WARN_DIRECT_OBJC_ISA_USAGE = YES_ERROR;
				CLANG_WARN_DOCUMENTATION_COMMENTS = YES;
				CLANG_WARN_EMPTY_BODY = YES;
				CLANG_WARN_ENUM_CONVERSION = YES;
				CLANG_WARN_INFINITE_RECURSION = YES;
				CLANG_WARN_INT_CONVERSION = YES;
				CLANG_WARN_NON_LITERAL_NULL_CONVERSION = YES;
				CLANG_WARN_OBJC_IMPLICIT_RETAIN_SELF = YES;
				CLANG_WARN_OBJC_LITERAL_CONVERSION = YES;
				CLANG_WARN_OBJC_ROOT_CLASS = YES_ERROR;
				CLANG_WARN_QUOTED_INCLUDE_IN_FRAMEWORK_HEADER = YES;
				CLANG_WARN_RANGE_LOOP_ANALYSIS = YES;
				CLANG_WARN_STRICT_PROTOTYPES = YES;
				CLANG_WARN_SUSPICIOUS_MOVE = YES;
				CLANG_WARN_UNGUARDED_AVAILABILITY = YES_AGGRESSIVE;
				CLANG_WARN_UNREACHABLE_CODE = YES;
				CLANG_WARN__DUPLICATE_METHOD_MATCH = YES;
				COPY_PHASE_STRIP = NO;
				DEBUG_INFORMATION_FORMAT = dwarf;
				ENABLE_STRICT_OBJC_MSGSEND = YES;
				ENABLE_TESTABILITY = YES;
				ENABLE_USER_SCRIPT_SANDBOXING = YES;
				GCC_C_LANGUAGE_STANDARD = gnu17;
				GCC_DYNAMIC_NO_PIC = NO;
				GCC_NO_COMMON_BLOCKS = YES;
				GCC_OPTIMIZATION_LEVEL = 0;
				GCC_PREPROCESSOR_DEFINITIONS = (
					"DEBUG=1",
					"$(inherited)",
				);
				GCC_WARN_64_TO_32_BIT_CONVERSION = YES;
				GCC_WARN_ABOUT_RETURN_TYPE = YES_ERROR;
				GCC_WARN_UNDECLARED_SELECTOR = YES;
				GCC_WARN_UNINITIALIZED_AUTOS = YES_AGGRESSIVE;
				GCC_WARN_UNUSED_FUNCTION = YES;
				GCC_WARN_UNUSED_VARIABLE = YES;
				IPHONEOS_DEPLOYMENT_TARGET = 16.0;
				LOCALIZATION_PREFERS_STRING_CATALOGS = YES;
				MTL_ENABLE_DEBUG_INFO = INCLUDE_SOURCE;
				MTL_FAST_MATH = YES;
				ONLY_ACTIVE_ARCH = YES;
				SDKROOT = iphoneos;
				SWIFT_ACTIVE_COMPILATION_CONDITIONS = "DEBUG $(inherited)";
				SWIFT_OPTIMIZATION_LEVEL = "-Onone";
			};
			name = Debug;
		};
		EFB133942BAE49A300004025 /* Release */ = {
			isa = XCBuildConfiguration;
			buildSettings = {
				ALWAYS_SEARCH_USER_PATHS = NO;
				ASSETCATALOG_COMPILER_GENERATE_SWIFT_ASSET_SYMBOL_EXTENSIONS = YES;
				CLANG_ANALYZER_NONNULL = YES;
				CLANG_ANALYZER_NUMBER_OBJECT_CONVERSION = YES_AGGRESSIVE;
				CLANG_CXX_LANGUAGE_STANDARD = "gnu++20";
				CLANG_ENABLE_MODULES = YES;
				CLANG_ENABLE_OBJC_ARC = YES;
				CLANG_ENABLE_OBJC_WEAK = YES;
				CLANG_WARN_BLOCK_CAPTURE_AUTORELEASING = YES;
				CLANG_WARN_BOOL_CONVERSION = YES;
				CLANG_WARN_COMMA = YES;
				CLANG_WARN_CONSTANT_CONVERSION = YES;
				CLANG_WARN_DEPRECATED_OBJC_IMPLEMENTATIONS = YES;
				CLANG_WARN_DIRECT_OBJC_ISA_USAGE = YES_ERROR;
				CLANG_WARN_DOCUMENTATION_COMMENTS = YES;
				CLANG_WARN_EMPTY_BODY = YES;
				CLANG_WARN_ENUM_CONVERSION = YES;
				CLANG_WARN_INFINITE_RECURSION = YES;
				CLANG_WARN_INT_CONVERSION = YES;
				CLANG_WARN_NON_LITERAL_NULL_CONVERSION = YES;
				CLANG_WARN_OBJC_IMPLICIT_RETAIN_SELF = YES;
				CLANG_WARN_OBJC_LITERAL_CONVERSION = YES;
				CLANG_WARN_OBJC_ROOT_CLASS = YES_ERROR;
				CLANG_WARN_QUOTED_INCLUDE_IN_FRAMEWORK_HEADER = YES;
				CLANG_WARN_RANGE_LOOP_ANALYSIS = YES;
				CLANG_WARN_STRICT_PROTOTYPES = YES;
				CLANG_WARN_SUSPICIOUS_MOVE = YES;
				CLANG_WARN_UNGUARDED_AVAILABILITY = YES_AGGRESSIVE;
				CLANG_WARN_UNREACHABLE_CODE = YES;
				CLANG_WARN__DUPLICATE_METHOD_MATCH = YES;
				COPY_PHASE_STRIP = NO;
				DEBUG_INFORMATION_FORMAT = "dwarf-with-dsym";
				ENABLE_NS_ASSERTIONS = NO;
				ENABLE_STRICT_OBJC_MSGSEND = YES;
				ENABLE_USER_SCRIPT_SANDBOXING = YES;
				GCC_C_LANGUAGE_STANDARD = gnu17;
				GCC_NO_COMMON_BLOCKS = YES;
				GCC_WARN_64_TO_32_BIT_CONVERSION = YES;
				GCC_WARN_ABOUT_RETURN_TYPE = YES_ERROR;
				GCC_WARN_UNDECLARED_SELECTOR = YES;
				GCC_WARN_UNINITIALIZED_AUTOS = YES_AGGRESSIVE;
				GCC_WARN_UNUSED_FUNCTION = YES;
				GCC_WARN_UNUSED_VARIABLE = YES;
				IPHONEOS_DEPLOYMENT_TARGET = 16.0;
				LOCALIZATION_PREFERS_STRING_CATALOGS = YES;
				MTL_ENABLE_DEBUG_INFO = NO;
				MTL_FAST_MATH = YES;
				SDKROOT = iphoneos;
				SWIFT_COMPILATION_MODE = wholemodule;
				VALIDATE_PRODUCT = YES;
			};
			name = Release;
		};
		EFB133962BAE49A300004025 /* Debug */ = {
			isa = XCBuildConfiguration;
			buildSettings = {
				ASSETCATALOG_COMPILER_APPICON_NAME = AppIcon;
				ASSETCATALOG_COMPILER_GLOBAL_ACCENT_COLOR_NAME = AccentColor;
				CODE_SIGN_ENTITLEMENTS = Dekrypt/Dekrypt.entitlements;
				CODE_SIGN_STYLE = Automatic;
				CURRENT_PROJECT_VERSION = 1;
				DEVELOPMENT_TEAM = 8T963ZW2EJ;
				GENERATE_INFOPLIST_FILE = YES;
				INFOPLIST_FILE = Dekrypt/Info.plist;
				INFOPLIST_KEY_UIApplicationSupportsIndirectInputEvents = YES;
				INFOPLIST_KEY_UILaunchStoryboardName = LaunchScreen;
				INFOPLIST_KEY_UISupportedInterfaceOrientations = UIInterfaceOrientationPortrait;
				INFOPLIST_KEY_UISupportedInterfaceOrientations_iPad = "UIInterfaceOrientationLandscapeLeft UIInterfaceOrientationLandscapeRight UIInterfaceOrientationPortrait UIInterfaceOrientationPortraitUpsideDown";
				LD_RUNPATH_SEARCH_PATHS = (
					"$(inherited)",
					"@executable_path/Frameworks",
				);
				MARKETING_VERSION = 1.1;
				PRODUCT_BUNDLE_IDENTIFIER = "com.dekrypt.dekrypt-ios";
				PRODUCT_NAME = "$(TARGET_NAME)";
				SUPPORTED_PLATFORMS = "iphoneos iphonesimulator";
				SUPPORTS_MACCATALYST = NO;
				SUPPORTS_MAC_DESIGNED_FOR_IPHONE_IPAD = NO;
				SWIFT_EMIT_LOC_STRINGS = YES;
				SWIFT_VERSION = 5.0;
				TARGETED_DEVICE_FAMILY = "1,2";
			};
			name = Debug;
		};
		EFB133972BAE49A300004025 /* Release */ = {
			isa = XCBuildConfiguration;
			buildSettings = {
				ASSETCATALOG_COMPILER_APPICON_NAME = AppIcon;
				ASSETCATALOG_COMPILER_GLOBAL_ACCENT_COLOR_NAME = AccentColor;
				CODE_SIGN_ENTITLEMENTS = Dekrypt/Dekrypt.entitlements;
				CODE_SIGN_STYLE = Automatic;
				CURRENT_PROJECT_VERSION = 1;
				DEVELOPMENT_TEAM = 8T963ZW2EJ;
				GENERATE_INFOPLIST_FILE = YES;
				INFOPLIST_FILE = Dekrypt/Info.plist;
				INFOPLIST_KEY_UIApplicationSupportsIndirectInputEvents = YES;
				INFOPLIST_KEY_UILaunchStoryboardName = LaunchScreen;
				INFOPLIST_KEY_UISupportedInterfaceOrientations = UIInterfaceOrientationPortrait;
				INFOPLIST_KEY_UISupportedInterfaceOrientations_iPad = "UIInterfaceOrientationLandscapeLeft UIInterfaceOrientationLandscapeRight UIInterfaceOrientationPortrait UIInterfaceOrientationPortraitUpsideDown";
				LD_RUNPATH_SEARCH_PATHS = (
					"$(inherited)",
					"@executable_path/Frameworks",
				);
				MARKETING_VERSION = 1.1;
				PRODUCT_BUNDLE_IDENTIFIER = "com.dekrypt.dekrypt-ios";
				PRODUCT_NAME = "$(TARGET_NAME)";
				SUPPORTED_PLATFORMS = "iphoneos iphonesimulator";
				SUPPORTS_MACCATALYST = NO;
				SUPPORTS_MAC_DESIGNED_FOR_IPHONE_IPAD = NO;
				SWIFT_EMIT_LOC_STRINGS = YES;
				SWIFT_VERSION = 5.0;
				TARGETED_DEVICE_FAMILY = "1,2";
			};
			name = Release;
		};
/* End XCBuildConfiguration section */

/* Begin XCConfigurationList section */
		EFB1337C2BAE49A200004025 /* Build configuration list for PBXProject "Dekrypt" */ = {
			isa = XCConfigurationList;
			buildConfigurations = (
				EFB133932BAE49A300004025 /* Debug */,
				EFB133942BAE49A300004025 /* Release */,
			);
			defaultConfigurationIsVisible = 0;
			defaultConfigurationName = Release;
		};
		EFB133952BAE49A300004025 /* Build configuration list for PBXNativeTarget "Dekrypt" */ = {
			isa = XCConfigurationList;
			buildConfigurations = (
				EFB133962BAE49A300004025 /* Debug */,
				EFB133972BAE49A300004025 /* Release */,
			);
			defaultConfigurationIsVisible = 0;
			defaultConfigurationName = Release;
		};
/* End XCConfigurationList section */

/* Begin XCRemoteSwiftPackageReference section */
		EFA716072BD591D00001F555 /* XCRemoteSwiftPackageReference "swift-package-manager-google-mobile-ads" */ = {
			isa = XCRemoteSwiftPackageReference;
			repositoryURL = "https://github.com/googleads/swift-package-manager-google-mobile-ads.git";
			requirement = {
				kind = upToNextMajorVersion;
				minimumVersion = 11.3.0;
			};
		};
		EFB133982BAE49B400004025 /* XCRemoteSwiftPackageReference "KKit-Swift-Package" */ = {
			isa = XCRemoteSwiftPackageReference;
			repositoryURL = "https://github.com/krish11031998-pythonwhisperer/KKit-Swift-Package.git";
			requirement = {
				branch = master;
				kind = branch;
			};
		};
		EFB133CE2BAEEE1E00004025 /* XCRemoteSwiftPackageReference "DekryptUI-SPM" */ = {
			isa = XCRemoteSwiftPackageReference;
			repositoryURL = "https://github.com/krish11031998-pythonwhisperer/DekryptUI-SPM.git";
			requirement = {
				kind = versionRange;
				maximumVersion = 10.0.0;
				minimumVersion = 1.0.0;
			};
		};
		EFDA7EF92BD521A70036E720 /* XCRemoteSwiftPackageReference "GoogleSignIn-iOS" */ = {
			isa = XCRemoteSwiftPackageReference;
			repositoryURL = "https://github.com/google/GoogleSignIn-iOS.git";
			requirement = {
				kind = upToNextMajorVersion;
				minimumVersion = 7.1.0;
			};
		};
		EFE590AB2C0BC67600D7902F /* XCRemoteSwiftPackageReference "purchases-ios" */ = {
			isa = XCRemoteSwiftPackageReference;
			repositoryURL = "https://github.com/RevenueCat/purchases-ios.git";
			requirement = {
				kind = upToNextMajorVersion;
				minimumVersion = 4.41.2;
			};
		};
		EFE5CC082BFD48C900B1C93C /* XCRemoteSwiftPackageReference "SwiftSoup" */ = {
			isa = XCRemoteSwiftPackageReference;
			repositoryURL = "https://github.com/scinfu/SwiftSoup.git";
			requirement = {
				kind = upToNextMajorVersion;
				minimumVersion = 2.7.2;
			};
		};
/* End XCRemoteSwiftPackageReference section */

/* Begin XCSwiftPackageProductDependency section */
		EFA716082BD591D00001F555 /* GoogleMobileAds */ = {
			isa = XCSwiftPackageProductDependency;
			package = EFA716072BD591D00001F555 /* XCRemoteSwiftPackageReference "swift-package-manager-google-mobile-ads" */;
			productName = GoogleMobileAds;
		};
		EFB133992BAE49B400004025 /* KKit */ = {
			isa = XCSwiftPackageProductDependency;
			package = EFB133982BAE49B400004025 /* XCRemoteSwiftPackageReference "KKit-Swift-Package" */;
			productName = KKit;
		};
		EFB133CF2BAEEE1E00004025 /* DekryptUI */ = {
			isa = XCSwiftPackageProductDependency;
			package = EFB133CE2BAEEE1E00004025 /* XCRemoteSwiftPackageReference "DekryptUI-SPM" */;
			productName = DekryptUI;
		};
		EFDA7EFA2BD521A70036E720 /* GoogleSignIn */ = {
			isa = XCSwiftPackageProductDependency;
			package = EFDA7EF92BD521A70036E720 /* XCRemoteSwiftPackageReference "GoogleSignIn-iOS" */;
			productName = GoogleSignIn;
		};
		EFDA7EFC2BD521A70036E720 /* GoogleSignInSwift */ = {
			isa = XCSwiftPackageProductDependency;
			package = EFDA7EF92BD521A70036E720 /* XCRemoteSwiftPackageReference "GoogleSignIn-iOS" */;
			productName = GoogleSignInSwift;
		};
		EFE590AC2C0BC67600D7902F /* ReceiptParser */ = {
			isa = XCSwiftPackageProductDependency;
			package = EFE590AB2C0BC67600D7902F /* XCRemoteSwiftPackageReference "purchases-ios" */;
			productName = ReceiptParser;
		};
		EFE590AE2C0BC67600D7902F /* RevenueCat */ = {
			isa = XCSwiftPackageProductDependency;
			package = EFE590AB2C0BC67600D7902F /* XCRemoteSwiftPackageReference "purchases-ios" */;
			productName = RevenueCat;
		};
		EFE590B02C0BC67600D7902F /* RevenueCatUI */ = {
			isa = XCSwiftPackageProductDependency;
			package = EFE590AB2C0BC67600D7902F /* XCRemoteSwiftPackageReference "purchases-ios" */;
			productName = RevenueCatUI;
		};
		EFE5CC092BFD48C900B1C93C /* SwiftSoup */ = {
			isa = XCSwiftPackageProductDependency;
			package = EFE5CC082BFD48C900B1C93C /* XCRemoteSwiftPackageReference "SwiftSoup" */;
			productName = SwiftSoup;
		};
/* End XCSwiftPackageProductDependency section */
	};
	rootObject = EFB133792BAE49A200004025 /* Project object */;
}
